<?xml version="1.0" encoding="utf-8"?>
<Project ToolsVersion="4.0" xmlns="http://schemas.microsoft.com/developer/msbuild/2003">
  <ItemGroup>
    <Filter Include="源文件">
      <UniqueIdentifier>{4FC737F1-C7A5-4376-A066-2A32D752A2FF}</UniqueIdentifier>
      <Extensions>cpp;c;cc;cxx;def;odl;idl;hpj;bat;asm;asmx</Extensions>
    </Filter>
    <Filter Include="头文件">
      <UniqueIdentifier>{93995380-89BD-4b04-88EB-625FBE52EBFB}</UniqueIdentifier>
      <Extensions>h;hpp;hxx;hm;inl;inc;xsd</Extensions>
    </Filter>
    <Filter Include="资源文件">
      <UniqueIdentifier>{67DA6AB6-F800-4c08-8B7A-83BB121AAD01}</UniqueIdentifier>
      <Extensions>rc;ico;cur;bmp;dlg;rc2;rct;bin;rgs;gif;jpg;jpeg;jpe;resx;tiff;tif;png;wav;mfcribbon-ms</Extensions>
    </Filter>
    <Filter Include="json">
      <UniqueIdentifier>{c7d775af-cabf-4160-a93c-5ce43d40007a}</UniqueIdentifier>
    </Filter>
    <Filter Include="part">
      <UniqueIdentifier>{f7f26d97-7e2c-4440-bf11-cdab1ea5490a}</UniqueIdentifier>
    </Filter>
    <Filter Include="mode">
      <UniqueIdentifier>{d2022654-0312-4d5b-8c2c-37bd17bb0219}</UniqueIdentifier>
    </Filter>
    <Filter Include="part\light">
      <UniqueIdentifier>{93f41581-0ad7-4aa5-9ee4-65f71e213b6b}</UniqueIdentifier>
    </Filter>
    <Filter Include="part\Door">
      <UniqueIdentifier>{c5076702-7ade-4002-b174-fc1a3a2d7241}</UniqueIdentifier>
    </Filter>
    <Filter Include="part\Seat">
      <UniqueIdentifier>{69b385c8-80b5-4b79-b551-eb295a6f923b}</UniqueIdentifier>
    </Filter>
  </ItemGroup>
  <ItemGroup>
    <Text Include="ReadMe.txt" />
  </ItemGroup>
  <ItemGroup>
    <ClInclude Include="stdafx.h">
      <Filter>头文件</Filter>
    </ClInclude>
    <ClInclude Include="targetver.h">
      <Filter>头文件</Filter>
    </ClInclude>
    <ClInclude Include="NetServer.h">
      <Filter>头文件</Filter>
    </ClInclude>
    <ClInclude Include="Util.h">
      <Filter>头文件</Filter>
    </ClInclude>
    <ClInclude Include="src\lib_json\json_batchallocator.h">
      <Filter>json</Filter>
    </ClInclude>
    <ClInclude Include="src\lib_json\json_tool.h">
      <Filter>json</Filter>
    </ClInclude>
    <ClInclude Include="MXLogger.h">
      <Filter>头文件</Filter>
    </ClInclude>
    <ClInclude Include="NetReader.h">
      <Filter>头文件</Filter>
    </ClInclude>
    <ClInclude Include="SerialPort.h">
      <Filter>头文件</Filter>
    </ClInclude>
    <ClInclude Include="SerialPortManager.h">
      <Filter>头文件</Filter>
    </ClInclude>
    <ClInclude Include="GlobalConfig.h">
      <Filter>part</Filter>
    </ClInclude>
    <ClInclude Include="Part.h">
      <Filter>part</Filter>
    </ClInclude>
    <ClInclude Include="PartFactory.h">
      <Filter>part</Filter>
    </ClInclude>
    <ClInclude Include="SerialCommandDisposer.h">
      <Filter>头文件</Filter>
    </ClInclude>
    <ClInclude Include="ReadSerialTask.h">
      <Filter>头文件</Filter>
    </ClInclude>
    <ClInclude Include="Mode.h">
      <Filter>mode</Filter>
    </ClInclude>
    <ClInclude Include="ModeManager.h">
      <Filter>mode</Filter>
    </ClInclude>
    <ClInclude Include="Light.h">
      <Filter>part\light</Filter>
    </ClInclude>
    <ClInclude Include="AdjustableLight.h">
      <Filter>part\light</Filter>
    </ClInclude>
    <ClInclude Include="FrontMidLight.h">
      <Filter>part\light</Filter>
    </ClInclude>
    <ClInclude Include="SideAtmosphereLight.h">
      <Filter>part\light</Filter>
    </ClInclude>
    <ClInclude Include="ThresholdAtmosphereLight.h">
      <Filter>part\light</Filter>
    </ClInclude>
    <ClInclude Include="FrontSideLight.h">
      <Filter>part\light</Filter>
    </ClInclude>
    <ClInclude Include="FrontLogoLight.h">
      <Filter>part\light</Filter>
    </ClInclude>
    <ClInclude Include="BackLogoLight.h">
      <Filter>part\light</Filter>
    </ClInclude>
    <ClInclude Include="BackMidLight.h">
      <Filter>part\light</Filter>
    </ClInclude>
    <ClInclude Include="BackSideLight.h">
      <Filter>part\light</Filter>
    </ClInclude>
    <ClInclude Include="resource.h">
      <Filter>头文件</Filter>
    </ClInclude>
    <ClInclude Include="MediaPlayer.h">
      <Filter>part</Filter>
    </ClInclude>
    <ClInclude Include="BackDoor.h">
      <Filter>part\Door</Filter>
    </ClInclude>
    <ClInclude Include="Door.h">
      <Filter>part\Door</Filter>
    </ClInclude>
    <ClInclude Include="FrontDoor.h">
      <Filter>part\Door</Filter>
    </ClInclude>
    <ClInclude Include="Seat.h">
      <Filter>part\Seat</Filter>
    </ClInclude>
    <ClInclude Include="DriverSeat.h">
      <Filter>part\Seat</Filter>
    </ClInclude>
    <ClInclude Include="CoDriverSeat.h">
      <Filter>part\Seat</Filter>
    </ClInclude>
    <ClInclude Include="IrisRecognitionDoor.h">
      <Filter>part\Door</Filter>
    </ClInclude>
    <ClInclude Include="TailDoor.h">
      <Filter>part\Door</Filter>
    </ClInclude>
  </ItemGroup>
  <ItemGroup>
    <ClCompile Include="stdafx.cpp">
      <Filter>源文件</Filter>
    </ClCompile>
    <ClCompile Include="PC2.cpp">
      <Filter>源文件</Filter>
    </ClCompile>
    <ClCompile Include="NetServer.cpp">
      <Filter>源文件</Filter>
    </ClCompile>
    <ClCompile Include="src\lib_json\json_reader.cpp">
      <Filter>json</Filter>
    </ClCompile>
    <ClCompile Include="src\lib_json\json_value.cpp">
      <Filter>json</Filter>
    </ClCompile>
    <ClCompile Include="src\lib_json\json_writer.cpp">
      <Filter>json</Filter>
    </ClCompile>
    <ClCompile Include="MXLogger.cpp">
      <Filter>源文件</Filter>
    </ClCompile>
    <ClCompile Include="NetReader.cpp">
      <Filter>源文件</Filter>
    </ClCompile>
    <ClCompile Include="GlobalConfig.cpp">
      <Filter>源文件</Filter>
    </ClCompile>
    <ClCompile Include="SerialPort.cpp">
      <Filter>源文件</Filter>
    </ClCompile>
    <ClCompile Include="SerialPortManager.cpp">
      <Filter>源文件</Filter>
    </ClCompile>
    <ClCompile Include="Part.cpp">
      <Filter>part</Filter>
    </ClCompile>
    <ClCompile Include="PartFactory.cpp">
      <Filter>part</Filter>
    </ClCompile>
    <ClCompile Include="SerialCommandDisposer.cpp">
      <Filter>源文件</Filter>
    </ClCompile>
    <ClCompile Include="ReadSerialTask.cpp">
      <Filter>源文件</Filter>
    </ClCompile>
    <ClCompile Include="Mode.cpp">
      <Filter>mode</Filter>
    </ClCompile>
    <ClCompile Include="ModeManager.cpp">
      <Filter>mode</Filter>
    </ClCompile>
    <ClCompile Include="Light.cpp">
      <Filter>part\light</Filter>
    </ClCompile>
    <ClCompile Include="AdjustableLight.cpp">
      <Filter>part\light</Filter>
    </ClCompile>
    <ClCompile Include="FrontMidLight.cpp">
      <Filter>part\light</Filter>
    </ClCompile>
    <ClCompile Include="SideAtmosphereLight.cpp">
      <Filter>part\light</Filter>
    </ClCompile>
    <ClCompile Include="ThresholdAtmosphereLight.cpp">
      <Filter>part\light</Filter>
    </ClCompile>
    <ClCompile Include="FrontSideLight.cpp">
      <Filter>part\light</Filter>
    </ClCompile>
    <ClCompile Include="FrontLogoLight.cpp">
      <Filter>part\light</Filter>
    </ClCompile>
    <ClCompile Include="BackLogoLight.cpp">
      <Filter>part\light</Filter>
    </ClCompile>
    <ClCompile Include="BackMidLight.cpp">
      <Filter>part\light</Filter>
    </ClCompile>
    <ClCompile Include="BackSideLight.cpp">
      <Filter>part\light</Filter>
    </ClCompile>
    <ClCompile Include="MediaPlayer.cpp">
      <Filter>part</Filter>
    </ClCompile>
    <ClCompile Include="BackDoor.cpp">
      <Filter>part\Door</Filter>
    </ClCompile>
    <ClCompile Include="Door.cpp">
      <Filter>part\Door</Filter>
    </ClCompile>
    <ClCompile Include="FrontDoor.cpp">
      <Filter>part\Door</Filter>
    </ClCompile>
    <ClCompile Include="Seat.cpp">
      <Filter>part\Seat</Filter>
    </ClCompile>
    <ClCompile Include="DriverSeat.cpp">
      <Filter>part\Seat</Filter>
    </ClCompile>
    <ClCompile Include="CoDriverSeat.cpp">
      <Filter>part\Seat</Filter>
    </ClCompile>
    <ClCompile Include="IrisRecognitionDoor.cpp">
      <Filter>part\Door</Filter>
    </ClCompile>
    <ClCompile Include="TailDoor.cpp">
      <Filter>part\Door</Filter>
    </ClCompile>
  </ItemGroup>
  <ItemGroup>
    <None Include="src\lib_json\json_internalarray.inl">
      <Filter>json</Filter>
    </None>
    <None Include="src\lib_json\json_internalmap.inl">
      <Filter>json</Filter>
    </None>
    <None Include="src\lib_json\json_valueiterator.inl">
      <Filter>json</Filter>
    </None>
    <None Include="src\lib_json\sconscript">
      <Filter>json</Filter>
    </None>
    <None Include="src\lib_json\version.h.in">
      <Filter>json</Filter>
    </None>
  </ItemGroup>
  <ItemGroup>
    <ResourceCompile Include="PC2.rc">
      <Filter>资源文件</Filter>
    </ResourceCompile>
  </ItemGroup>
</Project>